# This file is automatically generated by cargo-component.
# It is not intended for manual editing.
version = 1

[[package]]
name = "sunaga0709:glitch-art"

[[package.version]]
requirement = "^0.1.0"
version = "0.1.0"
digest = "sha256:87a984c3c789817f560c42142f82b3bbdbdf7611960fe5a801b2f2639473cf74"
